
Microsoft Visual Studio Solution File, Format Version 12.00
# Visual Studio Version 17
VisualStudioVersion = 17.6.33829.357
MinimumVisualStudioVersion = 10.0.40219.1
Project("{FAE04EC0-301F-11D3-BF4B-00C04F79EFBC}") = "TodoApi", "TodoApi.csproj", "{312BFC2A-C7F3-4BBD-BD01-DD49BB46C4A5}"
EndProject
Global
	GlobalSection(SolutionConfigurationPlatforms) = preSolution
		Debug|Any CPU = Debug|Any CPU
		Release|Any CPU = Release|Any CPU
	EndGlobalSection
	GlobalSection(ProjectConfigurationPlatforms) = postSolution
		{312BFC2A-C7F3-4BBD-BD01-DD49BB46C4A5}.Debug|Any CPU.ActiveCfg = Debug|Any CPU
		{312BFC2A-C7F3-4BBD-BD01-DD49BB46C4A5}.Debug|Any CPU.Build.0 = Debug|Any CPU
		{312BFC2A-C7F3-4BBD-BD01-DD49BB46C4A5}.Release|Any CPU.ActiveCfg = Release|Any CPU
		{312BFC2A-C7F3-4BBD-BD01-DD49BB46C4A5}.Release|Any CPU.Build.0 = Release|Any CPU
	EndGlobalSection
	GlobalSection(SolutionProperties) = preSolution
		HideSolutionNode = FALSE
	EndGlobalSection
	GlobalSection(ExtensibilityGlobals) = postSolution
		SolutionGuid = {7A8BCD91-2CE2-4F5B-ABC0-0B049BECF2D0}
	EndGlobalSection
EndGlobal
