
Microsoft Visual Studio Solution File, Format Version 12.00
# Visual Studio Version 17
VisualStudioVersion = 17.6.33829.357
MinimumVisualStudioVersion = 10.0.40219.1
Project("{FAE04EC0-301F-11D3-BF4B-00C04F79EFBC}") = "TodoApi", "TodoApi.csproj", "{A0710FD7-9C41-4C49-AE2B-74B0F0C399C0}"
EndProject
Global
	GlobalSection(SolutionConfigurationPlatforms) = preSolution
		Debug|Any CPU = Debug|Any CPU
		Release|Any CPU = Release|Any CPU
	EndGlobalSection
	GlobalSection(ProjectConfigurationPlatforms) = postSolution
		{A0710FD7-9C41-4C49-AE2B-74B0F0C399C0}.Debug|Any CPU.ActiveCfg = Debug|Any CPU
		{A0710FD7-9C41-4C49-AE2B-74B0F0C399C0}.Debug|Any CPU.Build.0 = Debug|Any CPU
		{A0710FD7-9C41-4C49-AE2B-74B0F0C399C0}.Release|Any CPU.ActiveCfg = Release|Any CPU
		{A0710FD7-9C41-4C49-AE2B-74B0F0C399C0}.Release|Any CPU.Build.0 = Release|Any CPU
	EndGlobalSection
	GlobalSection(SolutionProperties) = preSolution
		HideSolutionNode = FALSE
	EndGlobalSection
	GlobalSection(ExtensibilityGlobals) = postSolution
		SolutionGuid = {9A81058D-53E2-48CB-B0D6-1DA49E5900EB}
	EndGlobalSection
EndGlobal
