
Microsoft Visual Studio Solution File, Format Version 12.00
# Visual Studio Version 16
VisualStudioVersion = 25.0.1706.1
MinimumVisualStudioVersion = 10.0.40219.1
Project("{FAE04EC0-301F-11D3-BF4B-00C04F79EFBC}") = "MVCApp", "MVCApp\MVCApp.csproj", "{BBEED760-4E93-4D96-98A3-3B08BE20EAEE}"
EndProject
Global
	GlobalSection(SolutionConfigurationPlatforms) = preSolution
		Debug|Any CPU = Debug|Any CPU
		Release|Any CPU = Release|Any CPU
	EndGlobalSection
	GlobalSection(ProjectConfigurationPlatforms) = postSolution
		{BBEED760-4E93-4D96-98A3-3B08BE20EAEE}.Debug|Any CPU.ActiveCfg = Debug|Any CPU
		{BBEED760-4E93-4D96-98A3-3B08BE20EAEE}.Debug|Any CPU.Build.0 = Debug|Any CPU
		{BBEED760-4E93-4D96-98A3-3B08BE20EAEE}.Release|Any CPU.ActiveCfg = Release|Any CPU
		{BBEED760-4E93-4D96-98A3-3B08BE20EAEE}.Release|Any CPU.Build.0 = Release|Any CPU
	EndGlobalSection
	GlobalSection(SolutionProperties) = preSolution
		HideSolutionNode = FALSE
	EndGlobalSection
	GlobalSection(ExtensibilityGlobals) = postSolution
		SolutionGuid = {0F88E6F5-22F4-450E-B0EA-4D3AA5AA7162}
	EndGlobalSection
EndGlobal
